// !$*UTF8*$!
{
	archiveVersion = 1;
	classes = {
	};
	objectVersion = 55;
	objects = {

/* Begin PBXBuildFile section */
		7D280B0F283BFE27007D734A /* AppDelegate.swift in Sources */ = {isa = PBXBuildFile; fileRef = 7D280B0E283BFE27007D734A /* AppDelegate.swift */; };
		7D280B11283BFE27007D734A /* SceneDelegate.swift in Sources */ = {isa = PBXBuildFile; fileRef = 7D280B10283BFE27007D734A /* SceneDelegate.swift */; };
		7D280B13283BFE27007D734A /* ViewController.swift in Sources */ = {isa = PBXBuildFile; fileRef = 7D280B12283BFE27007D734A /* ViewController.swift */; };
		7D280B16283BFE27007D734A /* Main.storyboard in Resources */ = {isa = PBXBuildFile; fileRef = 7D280B14283BFE27007D734A /* Main.storyboard */; };
		7D280B18283BFE27007D734A /* Assets.xcassets in Resources */ = {isa = PBXBuildFile; fileRef = 7D280B17283BFE27007D734A /* Assets.xcassets */; };
		7D280B1B283BFE27007D734A /* LaunchScreen.storyboard in Resources */ = {isa = PBXBuildFile; fileRef = 7D280B19283BFE27007D734A /* LaunchScreen.storyboard */; };
		7D280B24283BFE4C007D734A /* FirebaseAuth in Frameworks */ = {isa = PBXBuildFile; productRef = 7D280B23283BFE4C007D734A /* FirebaseAuth */; };
		7D280B27283BFEAC007D734A /* LoginPage.swift in Sources */ = {isa = PBXBuildFile; fileRef = 7D280B26283BFEAC007D734A /* LoginPage.swift */; };
		7D280B2A283BFFB9007D734A /* CreateAccount.swift in Sources */ = {isa = PBXBuildFile; fileRef = 7D280B29283BFFB9007D734A /* CreateAccount.swift */; };
		7D280B2C283C0259007D734A /* GoogleService-Info.plist in Resources */ = {isa = PBXBuildFile; fileRef = 7D280B2B283C0259007D734A /* GoogleService-Info.plist */; };
		7D280B2E283C0472007D734A /* HomePageVC.swift in Sources */ = {isa = PBXBuildFile; fileRef = 7D280B2D283C0472007D734A /* HomePageVC.swift */; };
		7D280B31283C04B5007D734A /* AdvertRentCarCell.swift in Sources */ = {isa = PBXBuildFile; fileRef = 7D280B30283C04B5007D734A /* AdvertRentCarCell.swift */; };
		7D696951283CEBD1002C332C /* Alamofire in Frameworks */ = {isa = PBXBuildFile; productRef = 7D696950283CEBD1002C332C /* Alamofire */; };
		7D696954283CED01002C332C /* NetworkManager.swift in Sources */ = {isa = PBXBuildFile; fileRef = 7D696953283CED01002C332C /* NetworkManager.swift */; };
		7D696957283CF04A002C332C /* SwiftyJSON in Frameworks */ = {isa = PBXBuildFile; productRef = 7D696956283CF04A002C332C /* SwiftyJSON */; };
		7D696959283CF71A002C332C /* Carrentadvertresult.swift in Sources */ = {isa = PBXBuildFile; fileRef = 7D696958283CF71A002C332C /* Carrentadvertresult.swift */; };
		7DCA7FC5283C2F35003E7383 /* Carinfo.swift in Sources */ = {isa = PBXBuildFile; fileRef = 7DCA7FC4283C2F35003E7383 /* Carinfo.swift */; };
		7DCA7FC9283C3062003E7383 /* Carrentadvert.swift in Sources */ = {isa = PBXBuildFile; fileRef = 7DCA7FC8283C3062003E7383 /* Carrentadvert.swift */; };
		7DCA7FCE283C3446003E7383 /* CarRentAdvertListVM.swift in Sources */ = {isa = PBXBuildFile; fileRef = 7DCA7FCD283C3446003E7383 /* CarRentAdvertListVM.swift */; };
/* End PBXBuildFile section */

/* Begin PBXFileReference section */
		7D280B0B283BFE27007D734A /* GLKRentCar.app */ = {isa = PBXFileReference; explicitFileType = wrapper.application; includeInIndex = 0; path = GLKRentCar.app; sourceTree = BUILT_PRODUCTS_DIR; };
		7D280B0E283BFE27007D734A /* AppDelegate.swift */ = {isa = PBXFileReference; lastKnownFileType = sourcecode.swift; path = AppDelegate.swift; sourceTree = "<group>"; };
		7D280B10283BFE27007D734A /* SceneDelegate.swift */ = {isa = PBXFileReference; lastKnownFileType = sourcecode.swift; path = SceneDelegate.swift; sourceTree = "<group>"; };
		7D280B12283BFE27007D734A /* ViewController.swift */ = {isa = PBXFileReference; lastKnownFileType = sourcecode.swift; path = ViewController.swift; sourceTree = "<group>"; };
		7D280B15283BFE27007D734A /* Base */ = {isa = PBXFileReference; lastKnownFileType = file.storyboard; name = Base; path = Base.lproj/Main.storyboard; sourceTree = "<group>"; };
		7D280B17283BFE27007D734A /* Assets.xcassets */ = {isa = PBXFileReference; lastKnownFileType = folder.assetcatalog; path = Assets.xcassets; sourceTree = "<group>"; };
		7D280B1A283BFE27007D734A /* Base */ = {isa = PBXFileReference; lastKnownFileType = file.storyboard; name = Base; path = Base.lproj/LaunchScreen.storyboard; sourceTree = "<group>"; };
		7D280B1C283BFE27007D734A /* Info.plist */ = {isa = PBXFileReference; lastKnownFileType = text.plist.xml; path = Info.plist; sourceTree = "<group>"; };
		7D280B26283BFEAC007D734A /* LoginPage.swift */ = {isa = PBXFileReference; lastKnownFileType = sourcecode.swift; path = LoginPage.swift; sourceTree = "<group>"; };
		7D280B29283BFFB9007D734A /* CreateAccount.swift */ = {isa = PBXFileReference; lastKnownFileType = sourcecode.swift; path = CreateAccount.swift; sourceTree = "<group>"; };
		7D280B2B283C0259007D734A /* GoogleService-Info.plist */ = {isa = PBXFileReference; fileEncoding = 4; lastKnownFileType = text.plist.xml; path = "GoogleService-Info.plist"; sourceTree = "<group>"; };
		7D280B2D283C0472007D734A /* HomePageVC.swift */ = {isa = PBXFileReference; lastKnownFileType = sourcecode.swift; path = HomePageVC.swift; sourceTree = "<group>"; };
		7D280B30283C04B5007D734A /* AdvertRentCarCell.swift */ = {isa = PBXFileReference; lastKnownFileType = sourcecode.swift; path = AdvertRentCarCell.swift; sourceTree = "<group>"; };
		7D696953283CED01002C332C /* NetworkManager.swift */ = {isa = PBXFileReference; lastKnownFileType = sourcecode.swift; path = NetworkManager.swift; sourceTree = "<group>"; };
		7D696958283CF71A002C332C /* Carrentadvertresult.swift */ = {isa = PBXFileReference; lastKnownFileType = sourcecode.swift; path = Carrentadvertresult.swift; sourceTree = "<group>"; };
		7DCA7FC4283C2F35003E7383 /* Carinfo.swift */ = {isa = PBXFileReference; lastKnownFileType = sourcecode.swift; path = Carinfo.swift; sourceTree = "<group>"; };
		7DCA7FC8283C3062003E7383 /* Carrentadvert.swift */ = {isa = PBXFileReference; lastKnownFileType = sourcecode.swift; path = Carrentadvert.swift; sourceTree = "<group>"; };
		7DCA7FCD283C3446003E7383 /* CarRentAdvertListVM.swift */ = {isa = PBXFileReference; lastKnownFileType = sourcecode.swift; path = CarRentAdvertListVM.swift; sourceTree = "<group>"; };
/* End PBXFileReference section */

/* Begin PBXFrameworksBuildPhase section */
		7D280B08283BFE27007D734A /* Frameworks */ = {
			isa = PBXFrameworksBuildPhase;
			buildActionMask = 2147483647;
			files = (
				7D696957283CF04A002C332C /* SwiftyJSON in Frameworks */,
				7D280B24283BFE4C007D734A /* FirebaseAuth in Frameworks */,
				7D696951283CEBD1002C332C /* Alamofire in Frameworks */,
			);
			runOnlyForDeploymentPostprocessing = 0;
		};
/* End PBXFrameworksBuildPhase section */

/* Begin PBXGroup section */
		7D280B02283BFE26007D734A = {
			isa = PBXGroup;
			children = (
				7D280B0D283BFE27007D734A /* GLKRentCar */,
				7D280B0C283BFE27007D734A /* Products */,
			);
			sourceTree = "<group>";
		};
		7D280B0C283BFE27007D734A /* Products */ = {
			isa = PBXGroup;
			children = (
				7D280B0B283BFE27007D734A /* GLKRentCar.app */,
			);
			name = Products;
			sourceTree = "<group>";
		};
		7D280B0D283BFE27007D734A /* GLKRentCar */ = {
			isa = PBXGroup;
			children = (
				7D696952283CECED002C332C /* Service */,
				7DCA7FCA283C33D2003E7383 /* ViewModel */,
				7DCA7FBF283C2855003E7383 /* Model */,
				7D280B25283BFE89007D734A /* View */,
				7D280B0E283BFE27007D734A /* AppDelegate.swift */,
				7D280B10283BFE27007D734A /* SceneDelegate.swift */,
				7D280B12283BFE27007D734A /* ViewController.swift */,
				7D280B14283BFE27007D734A /* Main.storyboard */,
				7D280B17283BFE27007D734A /* Assets.xcassets */,
				7D280B2B283C0259007D734A /* GoogleService-Info.plist */,
				7D280B19283BFE27007D734A /* LaunchScreen.storyboard */,
				7D280B1C283BFE27007D734A /* Info.plist */,
			);
			path = GLKRentCar;
			sourceTree = "<group>";
		};
		7D280B25283BFE89007D734A /* View */ = {
			isa = PBXGroup;
			children = (
				7D280B2F283C049D007D734A /* Cell */,
				7D280B26283BFEAC007D734A /* LoginPage.swift */,
				7D280B29283BFFB9007D734A /* CreateAccount.swift */,
				7D280B2D283C0472007D734A /* HomePageVC.swift */,
			);
			path = View;
			sourceTree = "<group>";
		};
		7D280B2F283C049D007D734A /* Cell */ = {
			isa = PBXGroup;
			children = (
				7D280B30283C04B5007D734A /* AdvertRentCarCell.swift */,
			);
			path = Cell;
			sourceTree = "<group>";
		};
		7D696952283CECED002C332C /* Service */ = {
			isa = PBXGroup;
			children = (
				7D696953283CED01002C332C /* NetworkManager.swift */,
			);
			path = Service;
			sourceTree = "<group>";
		};
		7DCA7FBF283C2855003E7383 /* Model */ = {
			isa = PBXGroup;
			children = (
				7DCA7FC4283C2F35003E7383 /* Carinfo.swift */,
				7DCA7FC8283C3062003E7383 /* Carrentadvert.swift */,
				7D696958283CF71A002C332C /* Carrentadvertresult.swift */,
			);
			path = Model;
			sourceTree = "<group>";
		};
		7DCA7FCA283C33D2003E7383 /* ViewModel */ = {
			isa = PBXGroup;
			children = (
				7DCA7FCD283C3446003E7383 /* CarRentAdvertListVM.swift */,
			);
			path = ViewModel;
			sourceTree = "<group>";
		};
/* End PBXGroup section */

/* Begin PBXNativeTarget section */
		7D280B0A283BFE27007D734A /* GLKRentCar */ = {
			isa = PBXNativeTarget;
			buildConfigurationList = 7D280B1F283BFE27007D734A /* Build configuration list for PBXNativeTarget "GLKRentCar" */;
			buildPhases = (
				7D280B07283BFE27007D734A /* Sources */,
				7D280B08283BFE27007D734A /* Frameworks */,
				7D280B09283BFE27007D734A /* Resources */,
			);
			buildRules = (
			);
			dependencies = (
			);
			name = GLKRentCar;
			packageProductDependencies = (
				7D280B23283BFE4C007D734A /* FirebaseAuth */,
				7D696950283CEBD1002C332C /* Alamofire */,
				7D696956283CF04A002C332C /* SwiftyJSON */,
			);
			productName = GLKRentCar;
			productReference = 7D280B0B283BFE27007D734A /* GLKRentCar.app */;
			productType = "com.apple.product-type.application";
		};
/* End PBXNativeTarget section */

/* Begin PBXProject section */
		7D280B03283BFE26007D734A /* Project object */ = {
			isa = PBXProject;
			attributes = {
				BuildIndependentTargetsInParallel = 1;
				LastSwiftUpdateCheck = 1330;
				LastUpgradeCheck = 1330;
				TargetAttributes = {
					7D280B0A283BFE27007D734A = {
						CreatedOnToolsVersion = 13.3.1;
					};
				};
			};
			buildConfigurationList = 7D280B06283BFE26007D734A /* Build configuration list for PBXProject "GLKRentCar" */;
			compatibilityVersion = "Xcode 13.0";
			developmentRegion = en;
			hasScannedForEncodings = 0;
			knownRegions = (
				en,
				Base,
			);
			mainGroup = 7D280B02283BFE26007D734A;
			packageReferences = (
				7D280B22283BFE4C007D734A /* XCRemoteSwiftPackageReference "firebase-ios-sdk" */,
				7D69694F283CEBD1002C332C /* XCRemoteSwiftPackageReference "Alamofire" */,
				7D696955283CF049002C332C /* XCRemoteSwiftPackageReference "SwiftyJSON" */,
			);
			productRefGroup = 7D280B0C283BFE27007D734A /* Products */;
			projectDirPath = "";
			projectRoot = "";
			targets = (
				7D280B0A283BFE27007D734A /* GLKRentCar */,
			);
		};
/* End PBXProject section */

/* Begin PBXResourcesBuildPhase section */
		7D280B09283BFE27007D734A /* Resources */ = {
			isa = PBXResourcesBuildPhase;
			buildActionMask = 2147483647;
			files = (
				7D280B1B283BFE27007D734A /* LaunchScreen.storyboard in Resources */,
				7D280B2C283C0259007D734A /* GoogleService-Info.plist in Resources */,
				7D280B18283BFE27007D734A /* Assets.xcassets in Resources */,
				7D280B16283BFE27007D734A /* Main.storyboard in Resources */,
			);
			runOnlyForDeploymentPostprocessing = 0;
		};
/* End PBXResourcesBuildPhase section */

/* Begin PBXSourcesBuildPhase section */
		7D280B07283BFE27007D734A /* Sources */ = {
			isa = PBXSourcesBuildPhase;
			buildActionMask = 2147483647;
			files = (
				7D696954283CED01002C332C /* NetworkManager.swift in Sources */,
				7D280B27283BFEAC007D734A /* LoginPage.swift in Sources */,
				7D280B31283C04B5007D734A /* AdvertRentCarCell.swift in Sources */,
				7DCA7FC5283C2F35003E7383 /* Carinfo.swift in Sources */,
				7D280B2A283BFFB9007D734A /* CreateAccount.swift in Sources */,
				7D280B2E283C0472007D734A /* HomePageVC.swift in Sources */,
				7D280B13283BFE27007D734A /* ViewController.swift in Sources */,
				7DCA7FCE283C3446003E7383 /* CarRentAdvertListVM.swift in Sources */,
				7D696959283CF71A002C332C /* Carrentadvertresult.swift in Sources */,
				7D280B0F283BFE27007D734A /* AppDelegate.swift in Sources */,
				7DCA7FC9283C3062003E7383 /* Carrentadvert.swift in Sources */,
				7D280B11283BFE27007D734A /* SceneDelegate.swift in Sources */,
			);
			runOnlyForDeploymentPostprocessing = 0;
		};
/* End PBXSourcesBuildPhase section */

/* Begin PBXVariantGroup section */
		7D280B14283BFE27007D734A /* Main.storyboard */ = {
			isa = PBXVariantGroup;
			children = (
				7D280B15283BFE27007D734A /* Base */,
			);
			name = Main.storyboard;
			sourceTree = "<group>";
		};
		7D280B19283BFE27007D734A /* LaunchScreen.storyboard */ = {
			isa = PBXVariantGroup;
			children = (
				7D280B1A283BFE27007D734A /* Base */,
			);
			name = LaunchScreen.storyboard;
			sourceTree = "<group>";
		};
/* End PBXVariantGroup section */

/* Begin XCBuildConfiguration section */
		7D280B1D283BFE27007D734A /* Debug */ = {
			isa = XCBuildConfiguration;
			buildSettings = {
				ALWAYS_SEARCH_USER_PATHS = NO;
				CLANG_ANALYZER_NONNULL = YES;
				CLANG_ANALYZER_NUMBER_OBJECT_CONVERSION = YES_AGGRESSIVE;
				CLANG_CXX_LANGUAGE_STANDARD = "gnu++17";
				CLANG_ENABLE_MODULES = YES;
				CLANG_ENABLE_OBJC_ARC = YES;
				CLANG_ENABLE_OBJC_WEAK = YES;
				CLANG_WARN_BLOCK_CAPTURE_AUTORELEASING = YES;
				CLANG_WARN_BOOL_CONVERSION = YES;
				CLANG_WARN_COMMA = YES;
				CLANG_WARN_CONSTANT_CONVERSION = YES;
				CLANG_WARN_DEPRECATED_OBJC_IMPLEMENTATIONS = YES;
				CLANG_WARN_DIRECT_OBJC_ISA_USAGE = YES_ERROR;
				CLANG_WARN_DOCUMENTATION_COMMENTS = YES;
				CLANG_WARN_EMPTY_BODY = YES;
				CLANG_WARN_ENUM_CONVERSION = YES;
				CLANG_WARN_INFINITE_RECURSION = YES;
				CLANG_WARN_INT_CONVERSION = YES;
				CLANG_WARN_NON_LITERAL_NULL_CONVERSION = YES;
				CLANG_WARN_OBJC_IMPLICIT_RETAIN_SELF = YES;
				CLANG_WARN_OBJC_LITERAL_CONVERSION = YES;
				CLANG_WARN_OBJC_ROOT_CLASS = YES_ERROR;
				CLANG_WARN_QUOTED_INCLUDE_IN_FRAMEWORK_HEADER = YES;
				CLANG_WARN_RANGE_LOOP_ANALYSIS = YES;
				CLANG_WARN_STRICT_PROTOTYPES = YES;
				CLANG_WARN_SUSPICIOUS_MOVE = YES;
				CLANG_WARN_UNGUARDED_AVAILABILITY = YES_AGGRESSIVE;
				CLANG_WARN_UNREACHABLE_CODE = YES;
				CLANG_WARN__DUPLICATE_METHOD_MATCH = YES;
				COPY_PHASE_STRIP = NO;
				DEBUG_INFORMATION_FORMAT = dwarf;
				ENABLE_STRICT_OBJC_MSGSEND = YES;
				ENABLE_TESTABILITY = YES;
				GCC_C_LANGUAGE_STANDARD = gnu11;
				GCC_DYNAMIC_NO_PIC = NO;
				GCC_NO_COMMON_BLOCKS = YES;
				GCC_OPTIMIZATION_LEVEL = 0;
				GCC_PREPROCESSOR_DEFINITIONS = (
					"DEBUG=1",
					"$(inherited)",
				);
				GCC_WARN_64_TO_32_BIT_CONVERSION = YES;
				GCC_WARN_ABOUT_RETURN_TYPE = YES_ERROR;
				GCC_WARN_UNDECLARED_SELECTOR = YES;
				GCC_WARN_UNINITIALIZED_AUTOS = YES_AGGRESSIVE;
				GCC_WARN_UNUSED_FUNCTION = YES;
				GCC_WARN_UNUSED_VARIABLE = YES;
				IPHONEOS_DEPLOYMENT_TARGET = 15.4;
				MTL_ENABLE_DEBUG_INFO = INCLUDE_SOURCE;
				MTL_FAST_MATH = YES;
				ONLY_ACTIVE_ARCH = YES;
				SDKROOT = iphoneos;
				SWIFT_ACTIVE_COMPILATION_CONDITIONS = DEBUG;
				SWIFT_OPTIMIZATION_LEVEL = "-Onone";
			};
			name = Debug;
		};
		7D280B1E283BFE27007D734A /* Release */ = {
			isa = XCBuildConfiguration;
			buildSettings = {
				ALWAYS_SEARCH_USER_PATHS = NO;
				CLANG_ANALYZER_NONNULL = YES;
				CLANG_ANALYZER_NUMBER_OBJECT_CONVERSION = YES_AGGRESSIVE;
				CLANG_CXX_LANGUAGE_STANDARD = "gnu++17";
				CLANG_ENABLE_MODULES = YES;
				CLANG_ENABLE_OBJC_ARC = YES;
				CLANG_ENABLE_OBJC_WEAK = YES;
				CLANG_WARN_BLOCK_CAPTURE_AUTORELEASING = YES;
				CLANG_WARN_BOOL_CONVERSION = YES;
				CLANG_WARN_COMMA = YES;
				CLANG_WARN_CONSTANT_CONVERSION = YES;
				CLANG_WARN_DEPRECATED_OBJC_IMPLEMENTATIONS = YES;
				CLANG_WARN_DIRECT_OBJC_ISA_USAGE = YES_ERROR;
				CLANG_WARN_DOCUMENTATION_COMMENTS = YES;
				CLANG_WARN_EMPTY_BODY = YES;
				CLANG_WARN_ENUM_CONVERSION = YES;
				CLANG_WARN_INFINITE_RECURSION = YES;
				CLANG_WARN_INT_CONVERSION = YES;
				CLANG_WARN_NON_LITERAL_NULL_CONVERSION = YES;
				CLANG_WARN_OBJC_IMPLICIT_RETAIN_SELF = YES;
				CLANG_WARN_OBJC_LITERAL_CONVERSION = YES;
				CLANG_WARN_OBJC_ROOT_CLASS = YES_ERROR;
				CLANG_WARN_QUOTED_INCLUDE_IN_FRAMEWORK_HEADER = YES;
				CLANG_WARN_RANGE_LOOP_ANALYSIS = YES;
				CLANG_WARN_STRICT_PROTOTYPES = YES;
				CLANG_WARN_SUSPICIOUS_MOVE = YES;
				CLANG_WARN_UNGUARDED_AVAILABILITY = YES_AGGRESSIVE;
				CLANG_WARN_UNREACHABLE_CODE = YES;
				CLANG_WARN__DUPLICATE_METHOD_MATCH = YES;
				COPY_PHASE_STRIP = NO;
				DEBUG_INFORMATION_FORMAT = "dwarf-with-dsym";
				ENABLE_NS_ASSERTIONS = NO;
				ENABLE_STRICT_OBJC_MSGSEND = YES;
				GCC_C_LANGUAGE_STANDARD = gnu11;
				GCC_NO_COMMON_BLOCKS = YES;
				GCC_WARN_64_TO_32_BIT_CONVERSION = YES;
				GCC_WARN_ABOUT_RETURN_TYPE = YES_ERROR;
				GCC_WARN_UNDECLARED_SELECTOR = YES;
				GCC_WARN_UNINITIALIZED_AUTOS = YES_AGGRESSIVE;
				GCC_WARN_UNUSED_FUNCTION = YES;
				GCC_WARN_UNUSED_VARIABLE = YES;
				IPHONEOS_DEPLOYMENT_TARGET = 15.4;
				MTL_ENABLE_DEBUG_INFO = NO;
				MTL_FAST_MATH = YES;
				SDKROOT = iphoneos;
				SWIFT_COMPILATION_MODE = wholemodule;
				SWIFT_OPTIMIZATION_LEVEL = "-O";
				VALIDATE_PRODUCT = YES;
			};
			name = Release;
		};
		7D280B20283BFE27007D734A /* Debug */ = {
			isa = XCBuildConfiguration;
			buildSettings = {
				ASSETCATALOG_COMPILER_APPICON_NAME = AppIcon;
				ASSETCATALOG_COMPILER_GLOBAL_ACCENT_COLOR_NAME = AccentColor;
				CODE_SIGN_STYLE = Automatic;
				CURRENT_PROJECT_VERSION = 1;
				DEVELOPMENT_TEAM = 34G99QRS57;
				GENERATE_INFOPLIST_FILE = YES;
				INFOPLIST_FILE = GLKRentCar/Info.plist;
				INFOPLIST_KEY_UIApplicationSupportsIndirectInputEvents = YES;
				INFOPLIST_KEY_UILaunchStoryboardName = LaunchScreen;
				INFOPLIST_KEY_UIMainStoryboardFile = Main;
				INFOPLIST_KEY_UISupportedInterfaceOrientations_iPad = "UIInterfaceOrientationPortrait UIInterfaceOrientationPortraitUpsideDown UIInterfaceOrientationLandscapeLeft UIInterfaceOrientationLandscapeRight";
				INFOPLIST_KEY_UISupportedInterfaceOrientations_iPhone = "UIInterfaceOrientationPortrait UIInterfaceOrientationLandscapeLeft UIInterfaceOrientationLandscapeRight";
				LD_RUNPATH_SEARCH_PATHS = (
					"$(inherited)",
					"@executable_path/Frameworks",
				);
				MARKETING_VERSION = 1.0;
				PRODUCT_BUNDLE_IDENTIFIER = com.engingulek.GLKRentCar;
				PRODUCT_NAME = "$(TARGET_NAME)";
				SWIFT_EMIT_LOC_STRINGS = YES;
				SWIFT_VERSION = 5.0;
				TARGETED_DEVICE_FAMILY = "1,2";
			};
			name = Debug;
		};
		7D280B21283BFE27007D734A /* Release */ = {
			isa = XCBuildConfiguration;
			buildSettings = {
				ASSETCATALOG_COMPILER_APPICON_NAME = AppIcon;
				ASSETCATALOG_COMPILER_GLOBAL_ACCENT_COLOR_NAME = AccentColor;
				CODE_SIGN_STYLE = Automatic;
				CURRENT_PROJECT_VERSION = 1;
				DEVELOPMENT_TEAM = 34G99QRS57;
				GENERATE_INFOPLIST_FILE = YES;
				INFOPLIST_FILE = GLKRentCar/Info.plist;
				INFOPLIST_KEY_UIApplicationSupportsIndirectInputEvents = YES;
				INFOPLIST_KEY_UILaunchStoryboardName = LaunchScreen;
				INFOPLIST_KEY_UIMainStoryboardFile = Main;
				INFOPLIST_KEY_UISupportedInterfaceOrientations_iPad = "UIInterfaceOrientationPortrait UIInterfaceOrientationPortraitUpsideDown UIInterfaceOrientationLandscapeLeft UIInterfaceOrientationLandscapeRight";
				INFOPLIST_KEY_UISupportedInterfaceOrientations_iPhone = "UIInterfaceOrientationPortrait UIInterfaceOrientationLandscapeLeft UIInterfaceOrientationLandscapeRight";
				LD_RUNPATH_SEARCH_PATHS = (
					"$(inherited)",
					"@executable_path/Frameworks",
				);
				MARKETING_VERSION = 1.0;
				PRODUCT_BUNDLE_IDENTIFIER = com.engingulek.GLKRentCar;
				PRODUCT_NAME = "$(TARGET_NAME)";
				SWIFT_EMIT_LOC_STRINGS = YES;
				SWIFT_VERSION = 5.0;
				TARGETED_DEVICE_FAMILY = "1,2";
			};
			name = Release;
		};
/* End XCBuildConfiguration section */

/* Begin XCConfigurationList section */
		7D280B06283BFE26007D734A /* Build configuration list for PBXProject "GLKRentCar" */ = {
			isa = XCConfigurationList;
			buildConfigurations = (
				7D280B1D283BFE27007D734A /* Debug */,
				7D280B1E283BFE27007D734A /* Release */,
			);
			defaultConfigurationIsVisible = 0;
			defaultConfigurationName = Release;
		};
		7D280B1F283BFE27007D734A /* Build configuration list for PBXNativeTarget "GLKRentCar" */ = {
			isa = XCConfigurationList;
			buildConfigurations = (
				7D280B20283BFE27007D734A /* Debug */,
				7D280B21283BFE27007D734A /* Release */,
			);
			defaultConfigurationIsVisible = 0;
			defaultConfigurationName = Release;
		};
/* End XCConfigurationList section */

/* Begin XCRemoteSwiftPackageReference section */
		7D280B22283BFE4C007D734A /* XCRemoteSwiftPackageReference "firebase-ios-sdk" */ = {
			isa = XCRemoteSwiftPackageReference;
			repositoryURL = "https://github.com/firebase/firebase-ios-sdk";
			requirement = {
				kind = upToNextMajorVersion;
				minimumVersion = 7.0.0;
			};
		};
		7D69694F283CEBD1002C332C /* XCRemoteSwiftPackageReference "Alamofire" */ = {
			isa = XCRemoteSwiftPackageReference;
			repositoryURL = "https://github.com/Alamofire/Alamofire";
			requirement = {
				branch = master;
				kind = branch;
			};
		};
		7D696955283CF049002C332C /* XCRemoteSwiftPackageReference "SwiftyJSON" */ = {
			isa = XCRemoteSwiftPackageReference;
			repositoryURL = "https://github.com/SwiftyJSON/SwiftyJSON.git";
			requirement = {
				kind = upToNextMajorVersion;
				minimumVersion = 5.0.0;
			};
		};
/* End XCRemoteSwiftPackageReference section */

/* Begin XCSwiftPackageProductDependency section */
		7D280B23283BFE4C007D734A /* FirebaseAuth */ = {
			isa = XCSwiftPackageProductDependency;
			package = 7D280B22283BFE4C007D734A /* XCRemoteSwiftPackageReference "firebase-ios-sdk" */;
			productName = FirebaseAuth;
		};
		7D696950283CEBD1002C332C /* Alamofire */ = {
			isa = XCSwiftPackageProductDependency;
			package = 7D69694F283CEBD1002C332C /* XCRemoteSwiftPackageReference "Alamofire" */;
			productName = Alamofire;
		};
		7D696956283CF04A002C332C /* SwiftyJSON */ = {
			isa = XCSwiftPackageProductDependency;
			package = 7D696955283CF049002C332C /* XCRemoteSwiftPackageReference "SwiftyJSON" */;
			productName = SwiftyJSON;
		};
/* End XCSwiftPackageProductDependency section */
	};
	rootObject = 7D280B03283BFE26007D734A /* Project object */;
}
